
Microsoft Visual Studio Solution File, Format Version 12.00
# Visual Studio 15
VisualStudioVersion = 15.0.28010.2050
MinimumVisualStudioVersion = 10.0.40219.1
Project("{FAE04EC0-301F-11D3-BF4B-00C04F79EFBC}") = "Gradient", "Gradient\Gradient.csproj", "{E1BDA6F7-5BCD-42BC-92A4-C589B30A96E3}"
EndProject
Global
	GlobalSection(SolutionConfigurationPlatforms) = preSolution
		Debug|Any CPU = Debug|Any CPU
		Release|Any CPU = Release|Any CPU
	EndGlobalSection
	GlobalSection(ProjectConfigurationPlatforms) = postSolution
		{E1BDA6F7-5BCD-42BC-92A4-C589B30A96E3}.Debug|Any CPU.ActiveCfg = Debug|Any CPU
		{E1BDA6F7-5BCD-42BC-92A4-C589B30A96E3}.Debug|Any CPU.Build.0 = Debug|Any CPU
		{E1BDA6F7-5BCD-42BC-92A4-C589B30A96E3}.Release|Any CPU.ActiveCfg = Release|Any CPU
		{E1BDA6F7-5BCD-42BC-92A4-C589B30A96E3}.Release|Any CPU.Build.0 = Release|Any CPU
	EndGlobalSection
	GlobalSection(SolutionProperties) = preSolution
		HideSolutionNode = FALSE
	EndGlobalSection
	GlobalSection(ExtensibilityGlobals) = postSolution
		SolutionGuid = {2E900555-2B8A-41E8-B6F4-EBA188EA73AC}
	EndGlobalSection
EndGlobal
